
Microsoft Visual Studio Solution File, Format Version 12.00
# Visual Studio Version 16
VisualStudioVersion = 16.0.32126.315
MinimumVisualStudioVersion = 10.0.40219.1
Project("{FAE04EC0-301F-11D3-BF4B-00C04F79EFBC}") = "Dashboard template", "Dashboard_template\Dashboard template.csproj", "{8DA7F3B3-7CD7-44FE-BD7E-BE67D9B60527}"
EndProject
Global
	GlobalSection(SolutionConfigurationPlatforms) = preSolution
		Debug|Any CPU = Debug|Any CPU
		Release|Any CPU = Release|Any CPU
	EndGlobalSection
	GlobalSection(ProjectConfigurationPlatforms) = postSolution
		{8DA7F3B3-7CD7-44FE-BD7E-BE67D9B60527}.Debug|Any CPU.ActiveCfg = Debug|Any CPU
		{8DA7F3B3-7CD7-44FE-BD7E-BE67D9B60527}.Debug|Any CPU.Build.0 = Debug|Any CPU
		{8DA7F3B3-7CD7-44FE-BD7E-BE67D9B60527}.Release|Any CPU.ActiveCfg = Release|Any CPU
		{8DA7F3B3-7CD7-44FE-BD7E-BE67D9B60527}.Release|Any CPU.Build.0 = Release|Any CPU
	EndGlobalSection
	GlobalSection(SolutionProperties) = preSolution
		HideSolutionNode = FALSE
	EndGlobalSection
	GlobalSection(ExtensibilityGlobals) = postSolution
		SolutionGuid = {4E3D6138-620E-421B-A24E-C982EE09FD3B}
	EndGlobalSection
EndGlobal
